
Microsoft Visual Studio Solution File, Format Version 12.00
# Visual Studio Version 16
VisualStudioVersion = 16.0.29806.167
MinimumVisualStudioVersion = 10.0.40219.1
Project("{FAE04EC0-301F-11D3-BF4B-00C04F79EFBC}") = "TekstV2", "TekstV2\TekstV2.csproj", "{577CD73E-3ECC-4343-AC3B-6D5FC78B5430}"
EndProject
Global
	GlobalSection(SolutionConfigurationPlatforms) = preSolution
		Debug|Any CPU = Debug|Any CPU
		Release|Any CPU = Release|Any CPU
	EndGlobalSection
	GlobalSection(ProjectConfigurationPlatforms) = postSolution
		{577CD73E-3ECC-4343-AC3B-6D5FC78B5430}.Debug|Any CPU.ActiveCfg = Debug|Any CPU
		{577CD73E-3ECC-4343-AC3B-6D5FC78B5430}.Debug|Any CPU.Build.0 = Debug|Any CPU
		{577CD73E-3ECC-4343-AC3B-6D5FC78B5430}.Release|Any CPU.ActiveCfg = Release|Any CPU
		{577CD73E-3ECC-4343-AC3B-6D5FC78B5430}.Release|Any CPU.Build.0 = Release|Any CPU
	EndGlobalSection
	GlobalSection(SolutionProperties) = preSolution
		HideSolutionNode = FALSE
	EndGlobalSection
	GlobalSection(ExtensibilityGlobals) = postSolution
		SolutionGuid = {4073B1AA-15C2-4989-B3DB-A10EF0346D06}
	EndGlobalSection
EndGlobal
